
Microsoft Visual Studio Solution File, Format Version 12.00
# Visual Studio Version 17
VisualStudioVersion = 17.10.35013.160
MinimumVisualStudioVersion = 10.0.40219.1
Project("{9A19103F-16F7-4668-BE54-9A1E7A4F7556}") = "ZooManagementAPI", "ZooManagementAPI\ZooManagementAPI.csproj", "{0A768BD4-6DFE-418B-92EA-A721459F784D}"
EndProject
Project("{FAE04EC0-301F-11D3-BF4B-00C04F79EFBC}") = "Enitities", "Enitities\Enitities.csproj", "{D8A3501C-12D7-4FA2-9218-1354F9F32430}"
EndProject
Project("{FAE04EC0-301F-11D3-BF4B-00C04F79EFBC}") = "Services", "Services\Services.csproj", "{E179586E-3B9F-4AFC-8EB6-825EF3D3992B}"
EndProject
Global
	GlobalSection(SolutionConfigurationPlatforms) = preSolution
		Debug|Any CPU = Debug|Any CPU
		Release|Any CPU = Release|Any CPU
	EndGlobalSection
	GlobalSection(ProjectConfigurationPlatforms) = postSolution
		{0A768BD4-6DFE-418B-92EA-A721459F784D}.Debug|Any CPU.ActiveCfg = Debug|Any CPU
		{0A768BD4-6DFE-418B-92EA-A721459F784D}.Debug|Any CPU.Build.0 = Debug|Any CPU
		{0A768BD4-6DFE-418B-92EA-A721459F784D}.Release|Any CPU.ActiveCfg = Release|Any CPU
		{0A768BD4-6DFE-418B-92EA-A721459F784D}.Release|Any CPU.Build.0 = Release|Any CPU
		{D8A3501C-12D7-4FA2-9218-1354F9F32430}.Debug|Any CPU.ActiveCfg = Debug|Any CPU
		{D8A3501C-12D7-4FA2-9218-1354F9F32430}.Debug|Any CPU.Build.0 = Debug|Any CPU
		{D8A3501C-12D7-4FA2-9218-1354F9F32430}.Release|Any CPU.ActiveCfg = Release|Any CPU
		{D8A3501C-12D7-4FA2-9218-1354F9F32430}.Release|Any CPU.Build.0 = Release|Any CPU
		{E179586E-3B9F-4AFC-8EB6-825EF3D3992B}.Debug|Any CPU.ActiveCfg = Debug|Any CPU
		{E179586E-3B9F-4AFC-8EB6-825EF3D3992B}.Debug|Any CPU.Build.0 = Debug|Any CPU
		{E179586E-3B9F-4AFC-8EB6-825EF3D3992B}.Release|Any CPU.ActiveCfg = Release|Any CPU
		{E179586E-3B9F-4AFC-8EB6-825EF3D3992B}.Release|Any CPU.Build.0 = Release|Any CPU
	EndGlobalSection
	GlobalSection(SolutionProperties) = preSolution
		HideSolutionNode = FALSE
	EndGlobalSection
	GlobalSection(ExtensibilityGlobals) = postSolution
		SolutionGuid = {680D7156-7364-4E44-8FCB-64000DD9806D}
	EndGlobalSection
EndGlobal
